
Microsoft Visual Studio Solution File, Format Version 11.00
# Visual Studio 2010
Project("{FAE04EC0-301F-11D3-BF4B-00C04F79EFBC}") = "Chemistry AR", "Assembly-CSharp.csproj", "{417DB69B-D8A4-B29A-0823-E41DA8B0989E}"
EndProject
Project("{FAE04EC0-301F-11D3-BF4B-00C04F79EFBC}") = "Chemistry AR", "Assembly-CSharp-Editor.csproj", "{6B682190-3F20-9CF0-3624-48E19BC00805}"
EndProject
Global
	GlobalSection(SolutionConfigurationPlatforms) = preSolution
		Debug|Any CPU = Debug|Any CPU
		Release|Any CPU = Release|Any CPU
	EndGlobalSection
	GlobalSection(ProjectConfigurationPlatforms) = postSolution
		{417DB69B-D8A4-B29A-0823-E41DA8B0989E}.Debug|Any CPU.ActiveCfg = Debug|Any CPU
		{417DB69B-D8A4-B29A-0823-E41DA8B0989E}.Debug|Any CPU.Build.0 = Debug|Any CPU
		{417DB69B-D8A4-B29A-0823-E41DA8B0989E}.Release|Any CPU.ActiveCfg = Release|Any CPU
		{417DB69B-D8A4-B29A-0823-E41DA8B0989E}.Release|Any CPU.Build.0 = Release|Any CPU
		{6B682190-3F20-9CF0-3624-48E19BC00805}.Debug|Any CPU.ActiveCfg = Debug|Any CPU
		{6B682190-3F20-9CF0-3624-48E19BC00805}.Debug|Any CPU.Build.0 = Debug|Any CPU
		{6B682190-3F20-9CF0-3624-48E19BC00805}.Release|Any CPU.ActiveCfg = Release|Any CPU
		{6B682190-3F20-9CF0-3624-48E19BC00805}.Release|Any CPU.Build.0 = Release|Any CPU
	EndGlobalSection
	GlobalSection(SolutionProperties) = preSolution
		HideSolutionNode = FALSE
	EndGlobalSection
	GlobalSection(MonoDevelopProperties) = preSolution
		StartupItem = Assembly-CSharp.csproj
	EndGlobalSection
EndGlobal
